
Microsoft Visual Studio Solution File, Format Version 12.00
# Visual Studio Version 16
VisualStudioVersion = 16.0.31005.135
MinimumVisualStudioVersion = 10.0.40219.1
Project("{FAE04EC0-301F-11D3-BF4B-00C04F79EFBC}") = "GemueseUndObstSoftware", "GemueseUndObstSoftware\GemueseUndObstSoftware.csproj", "{010DC5F8-410A-4C5C-9091-C890013A177D}"
EndProject
Global
	GlobalSection(SolutionConfigurationPlatforms) = preSolution
		Debug|Any CPU = Debug|Any CPU
		Release|Any CPU = Release|Any CPU
	EndGlobalSection
	GlobalSection(ProjectConfigurationPlatforms) = postSolution
		{010DC5F8-410A-4C5C-9091-C890013A177D}.Debug|Any CPU.ActiveCfg = Debug|Any CPU
		{010DC5F8-410A-4C5C-9091-C890013A177D}.Debug|Any CPU.Build.0 = Debug|Any CPU
		{010DC5F8-410A-4C5C-9091-C890013A177D}.Release|Any CPU.ActiveCfg = Release|Any CPU
		{010DC5F8-410A-4C5C-9091-C890013A177D}.Release|Any CPU.Build.0 = Release|Any CPU
	EndGlobalSection
	GlobalSection(SolutionProperties) = preSolution
		HideSolutionNode = FALSE
	EndGlobalSection
	GlobalSection(ExtensibilityGlobals) = postSolution
		SolutionGuid = {C04281C8-8DF9-4679-943E-F0B7E0754C26}
	EndGlobalSection
EndGlobal
